
Microsoft Visual Studio Solution File, Format Version 12.00
# Visual Studio Version 16
VisualStudioVersion = 16.0.28803.202
MinimumVisualStudioVersion = 10.0.40219.1
Project("{FAE04EC0-301F-11D3-BF4B-00C04F79EFBC}") = "FlightgearSimulatorApp", "FlightSimulatorApp\FlightgearSimulatorApp.csproj", "{BC0421CC-71A4-484F-9ED4-9EE61F1C38A7}"
EndProject
Global
	GlobalSection(SolutionConfigurationPlatforms) = preSolution
		Debug|Any CPU = Debug|Any CPU
		Release|Any CPU = Release|Any CPU
	EndGlobalSection
	GlobalSection(ProjectConfigurationPlatforms) = postSolution
		{BC0421CC-71A4-484F-9ED4-9EE61F1C38A7}.Debug|Any CPU.ActiveCfg = Debug|Any CPU
		{BC0421CC-71A4-484F-9ED4-9EE61F1C38A7}.Debug|Any CPU.Build.0 = Debug|Any CPU
		{BC0421CC-71A4-484F-9ED4-9EE61F1C38A7}.Release|Any CPU.ActiveCfg = Release|Any CPU
		{BC0421CC-71A4-484F-9ED4-9EE61F1C38A7}.Release|Any CPU.Build.0 = Release|Any CPU
	EndGlobalSection
	GlobalSection(SolutionProperties) = preSolution
		HideSolutionNode = FALSE
	EndGlobalSection
	GlobalSection(ExtensibilityGlobals) = postSolution
		SolutionGuid = {FE78438A-5087-49BD-9488-79FC01C40A59}
	EndGlobalSection
EndGlobal
